# This file is autogenerated, do not edit; changes may be undone by the next 'dep ensure'.


[[projects]]
  branch = "master"
  digest = "1:f3fa6e7217c13f9831c46c2917fae27fceb97cb3c5ba0fe9b4d8b6c8c1c3e74c"
  name = "github.com/osallou/goterra-lib"
  packages = [
    "lib/model",
    "lib/user",
  ]
  pruneopts = "UT"
  revision = "1cd0790fa90e1bf40a2b01a2cefdea3a4519a11c"

[[projects]]
  digest = "1:ff3907e75f27d4c6d0ab630e04a2467aad097167cb206ba055daee4f5fbb85e8"
  name = "go.mongodb.org/mongo-driver"
  packages = ["bson/primitive"]
  pruneopts = "UT"
  revision = "d42ea7239f0db8a61e77191b9f2730a922459042"
  version = "v1.1.0"

[[projects]]
  digest = "1:4d2e5a73dc1500038e504a8d78b986630e3626dc027bc030ba5c75da257cdb96"
  name = "gopkg.in/yaml.v2"
  packages = ["."]
  pruneopts = "UT"
  revision = "51d6538a90f86fe93ac480b35f37b2be17fef232"
  version = "v2.2.2"

[solve-meta]
  analyzer-name = "dep"
  analyzer-version = 1
  input-imports = [
    "github.com/osallou/goterra-lib/lib/model",
    "github.com/osallou/goterra-lib/lib/user",
    "gopkg.in/yaml.v2",
  ]
  solver-name = "gps-cdcl"
  solver-version = 1
