# This file is autogenerated, do not edit; changes may be undone by the next 'dep ensure'.


[[projects]]
  branch = "master"
  digest = "1:13b74dee81dff7297738e2f686eae71775fa8db9aadf0c00b86b345ac89083ca"
  name = "github.com/osallou/goterra-lib"
  packages = [
    "lib/model",
    "lib/user",
  ]
  pruneopts = "UT"
  revision = "c1c266d2a1f1b20e1d3a27b62c6f9207fd693fab"

[[projects]]
  digest = "1:1cabe44fb226a08664539c7ff79f25940284d9e2116187a74c90472a51c257ca"
  name = "go.mongodb.org/mongo-driver"
  packages = ["bson/primitive"]
  pruneopts = "UT"
  revision = "0d1270edf53072da4da781b76d2e1db58831152f"
  version = "v1.0.4"

[solve-meta]
  analyzer-name = "dep"
  analyzer-version = 1
  input-imports = [
    "github.com/osallou/goterra-lib/lib/model",
    "github.com/osallou/goterra-lib/lib/user",
  ]
  solver-name = "gps-cdcl"
  solver-version = 1
